
Microsoft Visual Studio Solution File, Format Version 12.00
# Visual Studio Version 16
VisualStudioVersion = 16.0.29609.76
MinimumVisualStudioVersion = 15.0.26124.0
Project("{9A19103F-16F7-4668-BE54-9A1E7A4F7556}") = "Radix", "src\Radix\Radix.csproj", "{EC4C0B3B-7189-4D0B-AC0A-32BBB870B389}"
EndProject
Project("{9A19103F-16F7-4668-BE54-9A1E7A4F7556}") = "Radix.Tests", "tests\Radix.Tests\Radix.Tests.csproj", "{684F9300-593A-4008-9B37-221896608904}"
EndProject
Project("{9A19103F-16F7-4668-BE54-9A1E7A4F7556}") = "Radix.Components", "src\Radix.Components\Radix.Components.csproj", "{8DB81B4C-FE0E-48FD-9CD4-E98FDD8787CF}"
EndProject
Project("{9A19103F-16F7-4668-BE54-9A1E7A4F7556}") = "Radix.Inventory.Domain", "src\Samples\Inventory\Radix.Inventory.Domain\Radix.Inventory.Domain.csproj", "{CB833BC8-00F9-4A17-B905-7F56B29A8800}"
EndProject
Project("{9A19103F-16F7-4668-BE54-9A1E7A4F7556}") = "Radix.Inventory.Interface.Logic", "src\Samples\Inventory\Radix.Inventory.Interface.Logic\Radix.Inventory.Interface.Logic.csproj", "{C30E2BB1-098F-4F4A-BDD4-B83145D2443F}"
EndProject
Project("{9A19103F-16F7-4668-BE54-9A1E7A4F7556}") = "Radix.Vestigo.Server", "src\Samples\Chat\Radix.Vestigo.Server\Radix.Vestigo.Server.csproj", "{0205B4B2-87A7-4C12-AC12-C0343C07816F}"
EndProject
Project("{9A19103F-16F7-4668-BE54-9A1E7A4F7556}") = "Radix.Vestigo.Client", "src\Samples\Chat\Radix.Vestigo.Client\Radix.Vestigo.Client.csproj", "{0CBBE72A-9FAB-41A0-862E-1DAFB64285C2}"
EndProject
Project("{9A19103F-16F7-4668-BE54-9A1E7A4F7556}") = "Radix.Vestigo.Shared", "src\Samples\Chat\Radix.Vestigo.Shared\Radix.Vestigo.Shared.csproj", "{74FD9891-6632-4BEA-A7BA-FC63040C27B3}"
EndProject
Project("{2150E333-8FDC-42A3-9474-1A3956D46DE8}") = "Samples", "Samples", "{0785E614-5D3E-4C4E-82F7-9112B0BC662F}"
EndProject
Project("{2150E333-8FDC-42A3-9474-1A3956D46DE8}") = "Vestigo", "Vestigo", "{F3789ED4-0882-4895-B1A5-5B19EBF84408}"
EndProject
Project("{2150E333-8FDC-42A3-9474-1A3956D46DE8}") = "Inventory", "Inventory", "{8D7BEBDC-917D-45F9-95AE-6763EF63B3C3}"
EndProject
Project("{9A19103F-16F7-4668-BE54-9A1E7A4F7556}") = "Radix.Inventory", "Radix.Inventory\Radix.Inventory.csproj", "{37B6F475-78CD-4AC2-8A8B-FAC1124701E6}"
EndProject
Global
	GlobalSection(SolutionConfigurationPlatforms) = preSolution
		Debug|Any CPU = Debug|Any CPU
		Debug|x64 = Debug|x64
		Debug|x86 = Debug|x86
		Release|Any CPU = Release|Any CPU
		Release|x64 = Release|x64
		Release|x86 = Release|x86
	EndGlobalSection
	GlobalSection(ProjectConfigurationPlatforms) = postSolution
		{EC4C0B3B-7189-4D0B-AC0A-32BBB870B389}.Debug|Any CPU.ActiveCfg = Debug|Any CPU
		{EC4C0B3B-7189-4D0B-AC0A-32BBB870B389}.Debug|Any CPU.Build.0 = Debug|Any CPU
		{EC4C0B3B-7189-4D0B-AC0A-32BBB870B389}.Debug|x64.ActiveCfg = Debug|Any CPU
		{EC4C0B3B-7189-4D0B-AC0A-32BBB870B389}.Debug|x64.Build.0 = Debug|Any CPU
		{EC4C0B3B-7189-4D0B-AC0A-32BBB870B389}.Debug|x86.ActiveCfg = Debug|Any CPU
		{EC4C0B3B-7189-4D0B-AC0A-32BBB870B389}.Debug|x86.Build.0 = Debug|Any CPU
		{EC4C0B3B-7189-4D0B-AC0A-32BBB870B389}.Release|Any CPU.ActiveCfg = Release|Any CPU
		{EC4C0B3B-7189-4D0B-AC0A-32BBB870B389}.Release|Any CPU.Build.0 = Release|Any CPU
		{EC4C0B3B-7189-4D0B-AC0A-32BBB870B389}.Release|x64.ActiveCfg = Release|Any CPU
		{EC4C0B3B-7189-4D0B-AC0A-32BBB870B389}.Release|x64.Build.0 = Release|Any CPU
		{EC4C0B3B-7189-4D0B-AC0A-32BBB870B389}.Release|x86.ActiveCfg = Release|Any CPU
		{EC4C0B3B-7189-4D0B-AC0A-32BBB870B389}.Release|x86.Build.0 = Release|Any CPU
		{684F9300-593A-4008-9B37-221896608904}.Debug|Any CPU.ActiveCfg = Debug|Any CPU
		{684F9300-593A-4008-9B37-221896608904}.Debug|Any CPU.Build.0 = Debug|Any CPU
		{684F9300-593A-4008-9B37-221896608904}.Debug|x64.ActiveCfg = Debug|Any CPU
		{684F9300-593A-4008-9B37-221896608904}.Debug|x64.Build.0 = Debug|Any CPU
		{684F9300-593A-4008-9B37-221896608904}.Debug|x86.ActiveCfg = Debug|Any CPU
		{684F9300-593A-4008-9B37-221896608904}.Debug|x86.Build.0 = Debug|Any CPU
		{684F9300-593A-4008-9B37-221896608904}.Release|Any CPU.ActiveCfg = Release|Any CPU
		{684F9300-593A-4008-9B37-221896608904}.Release|Any CPU.Build.0 = Release|Any CPU
		{684F9300-593A-4008-9B37-221896608904}.Release|x64.ActiveCfg = Release|Any CPU
		{684F9300-593A-4008-9B37-221896608904}.Release|x64.Build.0 = Release|Any CPU
		{684F9300-593A-4008-9B37-221896608904}.Release|x86.ActiveCfg = Release|Any CPU
		{684F9300-593A-4008-9B37-221896608904}.Release|x86.Build.0 = Release|Any CPU
		{8DB81B4C-FE0E-48FD-9CD4-E98FDD8787CF}.Debug|Any CPU.ActiveCfg = Debug|Any CPU
		{8DB81B4C-FE0E-48FD-9CD4-E98FDD8787CF}.Debug|Any CPU.Build.0 = Debug|Any CPU
		{8DB81B4C-FE0E-48FD-9CD4-E98FDD8787CF}.Debug|x64.ActiveCfg = Debug|Any CPU
		{8DB81B4C-FE0E-48FD-9CD4-E98FDD8787CF}.Debug|x64.Build.0 = Debug|Any CPU
		{8DB81B4C-FE0E-48FD-9CD4-E98FDD8787CF}.Debug|x86.ActiveCfg = Debug|Any CPU
		{8DB81B4C-FE0E-48FD-9CD4-E98FDD8787CF}.Debug|x86.Build.0 = Debug|Any CPU
		{8DB81B4C-FE0E-48FD-9CD4-E98FDD8787CF}.Release|Any CPU.ActiveCfg = Release|Any CPU
		{8DB81B4C-FE0E-48FD-9CD4-E98FDD8787CF}.Release|Any CPU.Build.0 = Release|Any CPU
		{8DB81B4C-FE0E-48FD-9CD4-E98FDD8787CF}.Release|x64.ActiveCfg = Release|Any CPU
		{8DB81B4C-FE0E-48FD-9CD4-E98FDD8787CF}.Release|x64.Build.0 = Release|Any CPU
		{8DB81B4C-FE0E-48FD-9CD4-E98FDD8787CF}.Release|x86.ActiveCfg = Release|Any CPU
		{8DB81B4C-FE0E-48FD-9CD4-E98FDD8787CF}.Release|x86.Build.0 = Release|Any CPU
		{CB833BC8-00F9-4A17-B905-7F56B29A8800}.Debug|Any CPU.ActiveCfg = Debug|Any CPU
		{CB833BC8-00F9-4A17-B905-7F56B29A8800}.Debug|Any CPU.Build.0 = Debug|Any CPU
		{CB833BC8-00F9-4A17-B905-7F56B29A8800}.Debug|x64.ActiveCfg = Debug|Any CPU
		{CB833BC8-00F9-4A17-B905-7F56B29A8800}.Debug|x64.Build.0 = Debug|Any CPU
		{CB833BC8-00F9-4A17-B905-7F56B29A8800}.Debug|x86.ActiveCfg = Debug|Any CPU
		{CB833BC8-00F9-4A17-B905-7F56B29A8800}.Debug|x86.Build.0 = Debug|Any CPU
		{CB833BC8-00F9-4A17-B905-7F56B29A8800}.Release|Any CPU.ActiveCfg = Release|Any CPU
		{CB833BC8-00F9-4A17-B905-7F56B29A8800}.Release|Any CPU.Build.0 = Release|Any CPU
		{CB833BC8-00F9-4A17-B905-7F56B29A8800}.Release|x64.ActiveCfg = Release|Any CPU
		{CB833BC8-00F9-4A17-B905-7F56B29A8800}.Release|x64.Build.0 = Release|Any CPU
		{CB833BC8-00F9-4A17-B905-7F56B29A8800}.Release|x86.ActiveCfg = Release|Any CPU
		{CB833BC8-00F9-4A17-B905-7F56B29A8800}.Release|x86.Build.0 = Release|Any CPU
		{C30E2BB1-098F-4F4A-BDD4-B83145D2443F}.Debug|Any CPU.ActiveCfg = Debug|Any CPU
		{C30E2BB1-098F-4F4A-BDD4-B83145D2443F}.Debug|Any CPU.Build.0 = Debug|Any CPU
		{C30E2BB1-098F-4F4A-BDD4-B83145D2443F}.Debug|x64.ActiveCfg = Debug|Any CPU
		{C30E2BB1-098F-4F4A-BDD4-B83145D2443F}.Debug|x64.Build.0 = Debug|Any CPU
		{C30E2BB1-098F-4F4A-BDD4-B83145D2443F}.Debug|x86.ActiveCfg = Debug|Any CPU
		{C30E2BB1-098F-4F4A-BDD4-B83145D2443F}.Debug|x86.Build.0 = Debug|Any CPU
		{C30E2BB1-098F-4F4A-BDD4-B83145D2443F}.Release|Any CPU.ActiveCfg = Release|Any CPU
		{C30E2BB1-098F-4F4A-BDD4-B83145D2443F}.Release|Any CPU.Build.0 = Release|Any CPU
		{C30E2BB1-098F-4F4A-BDD4-B83145D2443F}.Release|x64.ActiveCfg = Release|Any CPU
		{C30E2BB1-098F-4F4A-BDD4-B83145D2443F}.Release|x64.Build.0 = Release|Any CPU
		{C30E2BB1-098F-4F4A-BDD4-B83145D2443F}.Release|x86.ActiveCfg = Release|Any CPU
		{C30E2BB1-098F-4F4A-BDD4-B83145D2443F}.Release|x86.Build.0 = Release|Any CPU
		{0205B4B2-87A7-4C12-AC12-C0343C07816F}.Debug|Any CPU.ActiveCfg = Debug|Any CPU
		{0205B4B2-87A7-4C12-AC12-C0343C07816F}.Debug|Any CPU.Build.0 = Debug|Any CPU
		{0205B4B2-87A7-4C12-AC12-C0343C07816F}.Debug|x64.ActiveCfg = Debug|Any CPU
		{0205B4B2-87A7-4C12-AC12-C0343C07816F}.Debug|x64.Build.0 = Debug|Any CPU
		{0205B4B2-87A7-4C12-AC12-C0343C07816F}.Debug|x86.ActiveCfg = Debug|Any CPU
		{0205B4B2-87A7-4C12-AC12-C0343C07816F}.Debug|x86.Build.0 = Debug|Any CPU
		{0205B4B2-87A7-4C12-AC12-C0343C07816F}.Release|Any CPU.ActiveCfg = Release|Any CPU
		{0205B4B2-87A7-4C12-AC12-C0343C07816F}.Release|Any CPU.Build.0 = Release|Any CPU
		{0205B4B2-87A7-4C12-AC12-C0343C07816F}.Release|x64.ActiveCfg = Release|Any CPU
		{0205B4B2-87A7-4C12-AC12-C0343C07816F}.Release|x64.Build.0 = Release|Any CPU
		{0205B4B2-87A7-4C12-AC12-C0343C07816F}.Release|x86.ActiveCfg = Release|Any CPU
		{0205B4B2-87A7-4C12-AC12-C0343C07816F}.Release|x86.Build.0 = Release|Any CPU
		{0CBBE72A-9FAB-41A0-862E-1DAFB64285C2}.Debug|Any CPU.ActiveCfg = Debug|Any CPU
		{0CBBE72A-9FAB-41A0-862E-1DAFB64285C2}.Debug|Any CPU.Build.0 = Debug|Any CPU
		{0CBBE72A-9FAB-41A0-862E-1DAFB64285C2}.Debug|x64.ActiveCfg = Debug|Any CPU
		{0CBBE72A-9FAB-41A0-862E-1DAFB64285C2}.Debug|x64.Build.0 = Debug|Any CPU
		{0CBBE72A-9FAB-41A0-862E-1DAFB64285C2}.Debug|x86.ActiveCfg = Debug|Any CPU
		{0CBBE72A-9FAB-41A0-862E-1DAFB64285C2}.Debug|x86.Build.0 = Debug|Any CPU
		{0CBBE72A-9FAB-41A0-862E-1DAFB64285C2}.Release|Any CPU.ActiveCfg = Release|Any CPU
		{0CBBE72A-9FAB-41A0-862E-1DAFB64285C2}.Release|Any CPU.Build.0 = Release|Any CPU
		{0CBBE72A-9FAB-41A0-862E-1DAFB64285C2}.Release|x64.ActiveCfg = Release|Any CPU
		{0CBBE72A-9FAB-41A0-862E-1DAFB64285C2}.Release|x64.Build.0 = Release|Any CPU
		{0CBBE72A-9FAB-41A0-862E-1DAFB64285C2}.Release|x86.ActiveCfg = Release|Any CPU
		{0CBBE72A-9FAB-41A0-862E-1DAFB64285C2}.Release|x86.Build.0 = Release|Any CPU
		{74FD9891-6632-4BEA-A7BA-FC63040C27B3}.Debug|Any CPU.ActiveCfg = Debug|Any CPU
		{74FD9891-6632-4BEA-A7BA-FC63040C27B3}.Debug|Any CPU.Build.0 = Debug|Any CPU
		{74FD9891-6632-4BEA-A7BA-FC63040C27B3}.Debug|x64.ActiveCfg = Debug|Any CPU
		{74FD9891-6632-4BEA-A7BA-FC63040C27B3}.Debug|x64.Build.0 = Debug|Any CPU
		{74FD9891-6632-4BEA-A7BA-FC63040C27B3}.Debug|x86.ActiveCfg = Debug|Any CPU
		{74FD9891-6632-4BEA-A7BA-FC63040C27B3}.Debug|x86.Build.0 = Debug|Any CPU
		{74FD9891-6632-4BEA-A7BA-FC63040C27B3}.Release|Any CPU.ActiveCfg = Release|Any CPU
		{74FD9891-6632-4BEA-A7BA-FC63040C27B3}.Release|Any CPU.Build.0 = Release|Any CPU
		{74FD9891-6632-4BEA-A7BA-FC63040C27B3}.Release|x64.ActiveCfg = Release|Any CPU
		{74FD9891-6632-4BEA-A7BA-FC63040C27B3}.Release|x64.Build.0 = Release|Any CPU
		{74FD9891-6632-4BEA-A7BA-FC63040C27B3}.Release|x86.ActiveCfg = Release|Any CPU
		{74FD9891-6632-4BEA-A7BA-FC63040C27B3}.Release|x86.Build.0 = Release|Any CPU
		{37B6F475-78CD-4AC2-8A8B-FAC1124701E6}.Debug|Any CPU.ActiveCfg = Debug|Any CPU
		{37B6F475-78CD-4AC2-8A8B-FAC1124701E6}.Debug|Any CPU.Build.0 = Debug|Any CPU
		{37B6F475-78CD-4AC2-8A8B-FAC1124701E6}.Debug|x64.ActiveCfg = Debug|Any CPU
		{37B6F475-78CD-4AC2-8A8B-FAC1124701E6}.Debug|x64.Build.0 = Debug|Any CPU
		{37B6F475-78CD-4AC2-8A8B-FAC1124701E6}.Debug|x86.ActiveCfg = Debug|Any CPU
		{37B6F475-78CD-4AC2-8A8B-FAC1124701E6}.Debug|x86.Build.0 = Debug|Any CPU
		{37B6F475-78CD-4AC2-8A8B-FAC1124701E6}.Release|Any CPU.ActiveCfg = Release|Any CPU
		{37B6F475-78CD-4AC2-8A8B-FAC1124701E6}.Release|Any CPU.Build.0 = Release|Any CPU
		{37B6F475-78CD-4AC2-8A8B-FAC1124701E6}.Release|x64.ActiveCfg = Release|Any CPU
		{37B6F475-78CD-4AC2-8A8B-FAC1124701E6}.Release|x64.Build.0 = Release|Any CPU
		{37B6F475-78CD-4AC2-8A8B-FAC1124701E6}.Release|x86.ActiveCfg = Release|Any CPU
		{37B6F475-78CD-4AC2-8A8B-FAC1124701E6}.Release|x86.Build.0 = Release|Any CPU
	EndGlobalSection
	GlobalSection(SolutionProperties) = preSolution
		HideSolutionNode = FALSE
	EndGlobalSection
	GlobalSection(NestedProjects) = preSolution
		{CB833BC8-00F9-4A17-B905-7F56B29A8800} = {8D7BEBDC-917D-45F9-95AE-6763EF63B3C3}
		{C30E2BB1-098F-4F4A-BDD4-B83145D2443F} = {8D7BEBDC-917D-45F9-95AE-6763EF63B3C3}
		{0205B4B2-87A7-4C12-AC12-C0343C07816F} = {F3789ED4-0882-4895-B1A5-5B19EBF84408}
		{0CBBE72A-9FAB-41A0-862E-1DAFB64285C2} = {F3789ED4-0882-4895-B1A5-5B19EBF84408}
		{74FD9891-6632-4BEA-A7BA-FC63040C27B3} = {F3789ED4-0882-4895-B1A5-5B19EBF84408}
		{F3789ED4-0882-4895-B1A5-5B19EBF84408} = {0785E614-5D3E-4C4E-82F7-9112B0BC662F}
		{8D7BEBDC-917D-45F9-95AE-6763EF63B3C3} = {0785E614-5D3E-4C4E-82F7-9112B0BC662F}
		{37B6F475-78CD-4AC2-8A8B-FAC1124701E6} = {8D7BEBDC-917D-45F9-95AE-6763EF63B3C3}
	EndGlobalSection
	GlobalSection(ExtensibilityGlobals) = postSolution
		SolutionGuid = {6065D135-A7A4-4DCA-B7F1-3AA667613474}
	EndGlobalSection
EndGlobal
