
Microsoft Visual Studio Solution File, Format Version 12.00
# Visual Studio Version 16
VisualStudioVersion = 16.0.29609.76
MinimumVisualStudioVersion = 15.0.26124.0
Project("{9A19103F-16F7-4668-BE54-9A1E7A4F7556}") = "Radix", "src\Radix.csproj", "{EC4C0B3B-7189-4D0B-AC0A-32BBB870B389}"
EndProject
Project("{9A19103F-16F7-4668-BE54-9A1E7A4F7556}") = "Radix.Tests", "tests\Radix.Tests.csproj", "{684F9300-593A-4008-9B37-221896608904}"
EndProject
Project("{FAE04EC0-301F-11D3-BF4B-00C04F79EFBC}") = "Radix.Blazor", "Radix.Blazor\Radix.Blazor.csproj", "{8DB81B4C-FE0E-48FD-9CD4-E98FDD8787CF}"
EndProject
Global
	GlobalSection(SolutionConfigurationPlatforms) = preSolution
		Debug|Any CPU = Debug|Any CPU
		Debug|x64 = Debug|x64
		Debug|x86 = Debug|x86
		Release|Any CPU = Release|Any CPU
		Release|x64 = Release|x64
		Release|x86 = Release|x86
	EndGlobalSection
	GlobalSection(ProjectConfigurationPlatforms) = postSolution
		{EC4C0B3B-7189-4D0B-AC0A-32BBB870B389}.Debug|Any CPU.ActiveCfg = Debug|Any CPU
		{EC4C0B3B-7189-4D0B-AC0A-32BBB870B389}.Debug|Any CPU.Build.0 = Debug|Any CPU
		{EC4C0B3B-7189-4D0B-AC0A-32BBB870B389}.Debug|x64.ActiveCfg = Debug|Any CPU
		{EC4C0B3B-7189-4D0B-AC0A-32BBB870B389}.Debug|x64.Build.0 = Debug|Any CPU
		{EC4C0B3B-7189-4D0B-AC0A-32BBB870B389}.Debug|x86.ActiveCfg = Debug|Any CPU
		{EC4C0B3B-7189-4D0B-AC0A-32BBB870B389}.Debug|x86.Build.0 = Debug|Any CPU
		{EC4C0B3B-7189-4D0B-AC0A-32BBB870B389}.Release|Any CPU.ActiveCfg = Release|Any CPU
		{EC4C0B3B-7189-4D0B-AC0A-32BBB870B389}.Release|Any CPU.Build.0 = Release|Any CPU
		{EC4C0B3B-7189-4D0B-AC0A-32BBB870B389}.Release|x64.ActiveCfg = Release|Any CPU
		{EC4C0B3B-7189-4D0B-AC0A-32BBB870B389}.Release|x64.Build.0 = Release|Any CPU
		{EC4C0B3B-7189-4D0B-AC0A-32BBB870B389}.Release|x86.ActiveCfg = Release|Any CPU
		{EC4C0B3B-7189-4D0B-AC0A-32BBB870B389}.Release|x86.Build.0 = Release|Any CPU
		{684F9300-593A-4008-9B37-221896608904}.Debug|Any CPU.ActiveCfg = Debug|Any CPU
		{684F9300-593A-4008-9B37-221896608904}.Debug|Any CPU.Build.0 = Debug|Any CPU
		{684F9300-593A-4008-9B37-221896608904}.Debug|x64.ActiveCfg = Debug|Any CPU
		{684F9300-593A-4008-9B37-221896608904}.Debug|x64.Build.0 = Debug|Any CPU
		{684F9300-593A-4008-9B37-221896608904}.Debug|x86.ActiveCfg = Debug|Any CPU
		{684F9300-593A-4008-9B37-221896608904}.Debug|x86.Build.0 = Debug|Any CPU
		{684F9300-593A-4008-9B37-221896608904}.Release|Any CPU.ActiveCfg = Release|Any CPU
		{684F9300-593A-4008-9B37-221896608904}.Release|Any CPU.Build.0 = Release|Any CPU
		{684F9300-593A-4008-9B37-221896608904}.Release|x64.ActiveCfg = Release|Any CPU
		{684F9300-593A-4008-9B37-221896608904}.Release|x64.Build.0 = Release|Any CPU
		{684F9300-593A-4008-9B37-221896608904}.Release|x86.ActiveCfg = Release|Any CPU
		{684F9300-593A-4008-9B37-221896608904}.Release|x86.Build.0 = Release|Any CPU
		{8DB81B4C-FE0E-48FD-9CD4-E98FDD8787CF}.Debug|Any CPU.ActiveCfg = Debug|Any CPU
		{8DB81B4C-FE0E-48FD-9CD4-E98FDD8787CF}.Debug|Any CPU.Build.0 = Debug|Any CPU
		{8DB81B4C-FE0E-48FD-9CD4-E98FDD8787CF}.Debug|x64.ActiveCfg = Debug|Any CPU
		{8DB81B4C-FE0E-48FD-9CD4-E98FDD8787CF}.Debug|x64.Build.0 = Debug|Any CPU
		{8DB81B4C-FE0E-48FD-9CD4-E98FDD8787CF}.Debug|x86.ActiveCfg = Debug|Any CPU
		{8DB81B4C-FE0E-48FD-9CD4-E98FDD8787CF}.Debug|x86.Build.0 = Debug|Any CPU
		{8DB81B4C-FE0E-48FD-9CD4-E98FDD8787CF}.Release|Any CPU.ActiveCfg = Release|Any CPU
		{8DB81B4C-FE0E-48FD-9CD4-E98FDD8787CF}.Release|Any CPU.Build.0 = Release|Any CPU
		{8DB81B4C-FE0E-48FD-9CD4-E98FDD8787CF}.Release|x64.ActiveCfg = Release|Any CPU
		{8DB81B4C-FE0E-48FD-9CD4-E98FDD8787CF}.Release|x64.Build.0 = Release|Any CPU
		{8DB81B4C-FE0E-48FD-9CD4-E98FDD8787CF}.Release|x86.ActiveCfg = Release|Any CPU
		{8DB81B4C-FE0E-48FD-9CD4-E98FDD8787CF}.Release|x86.Build.0 = Release|Any CPU
	EndGlobalSection
	GlobalSection(SolutionProperties) = preSolution
		HideSolutionNode = FALSE
	EndGlobalSection
	GlobalSection(ExtensibilityGlobals) = postSolution
		SolutionGuid = {6065D135-A7A4-4DCA-B7F1-3AA667613474}
	EndGlobalSection
EndGlobal
