
Microsoft Visual Studio Solution File, Format Version 12.00
# Visual Studio Version 17
VisualStudioVersion = 17.0.31512.422
MinimumVisualStudioVersion = 15.0.26124.0
Project("{9A19103F-16F7-4668-BE54-9A1E7A4F7556}") = "Radix", "src\Radix\Radix.csproj", "{EC4C0B3B-7189-4D0B-AC0A-32BBB870B389}"
EndProject
Project("{9A19103F-16F7-4668-BE54-9A1E7A4F7556}") = "Radix.Tests", "tests\Radix.Tests\Radix.Tests.csproj", "{684F9300-593A-4008-9B37-221896608904}"
EndProject
Project("{9A19103F-16F7-4668-BE54-9A1E7A4F7556}") = "Radix.Components", "src\Radix.Components\Radix.Components.csproj", "{8DB81B4C-FE0E-48FD-9CD4-E98FDD8787CF}"
EndProject
Project("{9A19103F-16F7-4668-BE54-9A1E7A4F7556}") = "Radix.Inventory.Domain", "src\Samples\Inventory\Radix.Inventory.Domain\Radix.Inventory.Domain.csproj", "{CB833BC8-00F9-4A17-B905-7F56B29A8800}"
EndProject
Project("{9A19103F-16F7-4668-BE54-9A1E7A4F7556}") = "Radix.Inventory.Interface.Logic", "src\Samples\Inventory\Radix.Inventory.Interface.Logic\Radix.Inventory.Interface.Logic.csproj", "{C30E2BB1-098F-4F4A-BDD4-B83145D2443F}"
EndProject
Project("{2150E333-8FDC-42A3-9474-1A3956D46DE8}") = "Samples", "Samples", "{0785E614-5D3E-4C4E-82F7-9112B0BC662F}"
EndProject
Project("{2150E333-8FDC-42A3-9474-1A3956D46DE8}") = "Inventory", "Inventory", "{8D7BEBDC-917D-45F9-95AE-6763EF63B3C3}"
EndProject
Project("{9A19103F-16F7-4668-BE54-9A1E7A4F7556}") = "Radix.Inventory", "src\Samples\Inventory\Radix.Inventory\Radix.Inventory.csproj", "{37B6F475-78CD-4AC2-8A8B-FAC1124701E6}"
EndProject
Project("{9A19103F-16F7-4668-BE54-9A1E7A4F7556}") = "Radix.Components.Generators", "src\Radix.Components.Generators\Radix.Components.Generators.csproj", "{7ACA554A-9A33-47C2-9A52-578F5952A8BD}"
EndProject
Project("{2150E333-8FDC-42A3-9474-1A3956D46DE8}") = "Shop", "Shop", "{0DB17544-11E7-4E91-B950-CEC96012DB70}"
EndProject
Project("{9A19103F-16F7-4668-BE54-9A1E7A4F7556}") = "Radix.Shop", "src\Samples\Shop\Radix.Shop\Radix.Shop.csproj", "{3179FC72-A7C1-4642-B14D-D7A133C6E8AB}"
EndProject
Project("{9A19103F-16F7-4668-BE54-9A1E7A4F7556}") = "Radix.Generators", "src\Radix.Generators\Radix.Generators.csproj", "{2C1267AE-B11D-4BAD-9555-CF5E8E59BB7C}"
EndProject
Project("{2150E333-8FDC-42A3-9474-1A3956D46DE8}") = "Catalog", "Catalog", "{8851DE31-86D2-4B8F-912A-E1869BA7ACFA}"
EndProject
Project("{9A19103F-16F7-4668-BE54-9A1E7A4F7556}") = "Radix.Shop.Catalog.Domain", "src\Samples\Shop\Radix.Shop.Catalog.Domain\Radix.Shop.Catalog.Domain.csproj", "{7E55398E-ACB6-4050-BCFD-A1E82CD48F97}"
EndProject
Project("{9A19103F-16F7-4668-BE54-9A1E7A4F7556}") = "Radix.Shop.Catalog.Interface.Logic", "src\Samples\Shop\Radix.Shop.Catalog.Interface.Logic\Radix.Shop.Catalog.Interface.Logic.csproj", "{13713E55-897F-4F52-B017-6AC9D898F125}"
EndProject
Project("{9A19103F-16F7-4668-BE54-9A1E7A4F7556}") = "Radix.Shop.Catalog.Search", "src\Samples\Shop\Radix.Shop.Catalog.Search\Radix.Shop.Catalog.Search.csproj", "{9A40DEE0-6A05-45E3-87CF-BD38F63DC09E}"
EndProject
Project("{9A19103F-16F7-4668-BE54-9A1E7A4F7556}") = "Radix.Shop.Catalog.Crawling.AH", "src\Samples\Shop\Radix.Shop.Catalog.Crawling.AH\Radix.Shop.Catalog.Crawling.AH.csproj", "{1BB98ED3-90B0-4204-8CE7-B3EA9EB3323C}"
EndProject
Project("{2150E333-8FDC-42A3-9474-1A3956D46DE8}") = "Infrastructure", "Infrastructure", "{334FA62A-2D27-4783-A4F0-8D25309D4C65}"
	ProjectSection(SolutionItems) = preProject
		src\Samples\Shop\Radix.Shop.Catalog.Crawling\cognitiveSearch.bicep = src\Samples\Shop\Radix.Shop.Catalog.Crawling\cognitiveSearch.bicep
		src\Samples\Shop\Radix.Shop.Catalog.Crawling\containerapp.bicep = src\Samples\Shop\Radix.Shop.Catalog.Crawling\containerapp.bicep
		src\Samples\Shop\Infrastructure\jumboContainerApp.bicep = src\Samples\Shop\Infrastructure\jumboContainerApp.bicep
		src\Samples\Shop\Radix.Shop.Catalog.Crawling\logAnalytics.bicep = src\Samples\Shop\Radix.Shop.Catalog.Crawling\logAnalytics.bicep
		src\Samples\Shop\Radix.Shop.Catalog.Crawling\main.bicep = src\Samples\Shop\Radix.Shop.Catalog.Crawling\main.bicep
		src\Samples\Shop\Radix.Shop.Catalog.Crawling\storage.bicep = src\Samples\Shop\Radix.Shop.Catalog.Crawling\storage.bicep
	EndProjectSection
EndProject
Project("{9A19103F-16F7-4668-BE54-9A1E7A4F7556}") = "Radix.Shop.Catalog.Crawling.Jumbo", "src\Samples\Shop\Radix.Shop.Catalog.Crawling.Jumbo\Radix.Shop.Catalog.Crawling.Jumbo.csproj", "{53C7AC26-9365-4735-9A12-43168B1CEF8F}"
EndProject
Project("{9A19103F-16F7-4668-BE54-9A1E7A4F7556}") = "Radix.PlayWright", "src\Radix.PlayWright\Radix.PlayWright.csproj", "{5E815109-68C8-454E-A91D-0AD7E5461DCB}"
EndProject
Project("{9A19103F-16F7-4668-BE54-9A1E7A4F7556}") = "Radix.Shop.Wasm", "src\Samples\Shop\Radix.Shop.Wasm\Radix.Shop.Wasm.csproj", "{B5984F30-1BCB-4E3A-A66D-372DEC1FA9B5}"
EndProject
Project("{9A19103F-16F7-4668-BE54-9A1E7A4F7556}") = "Radix.Components.Material.3.2.0", "src\Radix.Components.Material.3.2.0\Radix.Components.Material.3.2.0.csproj", "{2C8B6325-999B-4D4D-8013-C6D5C0F7CA7B}"
EndProject
Project("{FAE04EC0-301F-11D3-BF4B-00C04F79EFBC}") = "Radix.Web.Css", "src\Radix.Web.Css\Radix.Web.Css.csproj", "{205F2460-BD19-4FF6-9D0A-CD215AA09800}"
EndProject
Global
	GlobalSection(SolutionConfigurationPlatforms) = preSolution
		Debug|Any CPU = Debug|Any CPU
		Debug|x64 = Debug|x64
		Debug|x86 = Debug|x86
		Release|Any CPU = Release|Any CPU
		Release|x64 = Release|x64
		Release|x86 = Release|x86
	EndGlobalSection
	GlobalSection(ProjectConfigurationPlatforms) = postSolution
		{EC4C0B3B-7189-4D0B-AC0A-32BBB870B389}.Debug|Any CPU.ActiveCfg = Debug|Any CPU
		{EC4C0B3B-7189-4D0B-AC0A-32BBB870B389}.Debug|Any CPU.Build.0 = Debug|Any CPU
		{EC4C0B3B-7189-4D0B-AC0A-32BBB870B389}.Debug|x64.ActiveCfg = Debug|Any CPU
		{EC4C0B3B-7189-4D0B-AC0A-32BBB870B389}.Debug|x64.Build.0 = Debug|Any CPU
		{EC4C0B3B-7189-4D0B-AC0A-32BBB870B389}.Debug|x86.ActiveCfg = Debug|Any CPU
		{EC4C0B3B-7189-4D0B-AC0A-32BBB870B389}.Debug|x86.Build.0 = Debug|Any CPU
		{EC4C0B3B-7189-4D0B-AC0A-32BBB870B389}.Release|Any CPU.ActiveCfg = Release|Any CPU
		{EC4C0B3B-7189-4D0B-AC0A-32BBB870B389}.Release|Any CPU.Build.0 = Release|Any CPU
		{EC4C0B3B-7189-4D0B-AC0A-32BBB870B389}.Release|x64.ActiveCfg = Release|Any CPU
		{EC4C0B3B-7189-4D0B-AC0A-32BBB870B389}.Release|x64.Build.0 = Release|Any CPU
		{EC4C0B3B-7189-4D0B-AC0A-32BBB870B389}.Release|x86.ActiveCfg = Release|Any CPU
		{EC4C0B3B-7189-4D0B-AC0A-32BBB870B389}.Release|x86.Build.0 = Release|Any CPU
		{684F9300-593A-4008-9B37-221896608904}.Debug|Any CPU.ActiveCfg = Debug|Any CPU
		{684F9300-593A-4008-9B37-221896608904}.Debug|Any CPU.Build.0 = Debug|Any CPU
		{684F9300-593A-4008-9B37-221896608904}.Debug|x64.ActiveCfg = Debug|Any CPU
		{684F9300-593A-4008-9B37-221896608904}.Debug|x64.Build.0 = Debug|Any CPU
		{684F9300-593A-4008-9B37-221896608904}.Debug|x86.ActiveCfg = Debug|Any CPU
		{684F9300-593A-4008-9B37-221896608904}.Debug|x86.Build.0 = Debug|Any CPU
		{684F9300-593A-4008-9B37-221896608904}.Release|Any CPU.ActiveCfg = Release|Any CPU
		{684F9300-593A-4008-9B37-221896608904}.Release|Any CPU.Build.0 = Release|Any CPU
		{684F9300-593A-4008-9B37-221896608904}.Release|x64.ActiveCfg = Release|Any CPU
		{684F9300-593A-4008-9B37-221896608904}.Release|x64.Build.0 = Release|Any CPU
		{684F9300-593A-4008-9B37-221896608904}.Release|x86.ActiveCfg = Release|Any CPU
		{684F9300-593A-4008-9B37-221896608904}.Release|x86.Build.0 = Release|Any CPU
		{8DB81B4C-FE0E-48FD-9CD4-E98FDD8787CF}.Debug|Any CPU.ActiveCfg = Debug|Any CPU
		{8DB81B4C-FE0E-48FD-9CD4-E98FDD8787CF}.Debug|Any CPU.Build.0 = Debug|Any CPU
		{8DB81B4C-FE0E-48FD-9CD4-E98FDD8787CF}.Debug|x64.ActiveCfg = Debug|Any CPU
		{8DB81B4C-FE0E-48FD-9CD4-E98FDD8787CF}.Debug|x64.Build.0 = Debug|Any CPU
		{8DB81B4C-FE0E-48FD-9CD4-E98FDD8787CF}.Debug|x86.ActiveCfg = Debug|Any CPU
		{8DB81B4C-FE0E-48FD-9CD4-E98FDD8787CF}.Debug|x86.Build.0 = Debug|Any CPU
		{8DB81B4C-FE0E-48FD-9CD4-E98FDD8787CF}.Release|Any CPU.ActiveCfg = Release|Any CPU
		{8DB81B4C-FE0E-48FD-9CD4-E98FDD8787CF}.Release|Any CPU.Build.0 = Release|Any CPU
		{8DB81B4C-FE0E-48FD-9CD4-E98FDD8787CF}.Release|x64.ActiveCfg = Release|Any CPU
		{8DB81B4C-FE0E-48FD-9CD4-E98FDD8787CF}.Release|x64.Build.0 = Release|Any CPU
		{8DB81B4C-FE0E-48FD-9CD4-E98FDD8787CF}.Release|x86.ActiveCfg = Release|Any CPU
		{8DB81B4C-FE0E-48FD-9CD4-E98FDD8787CF}.Release|x86.Build.0 = Release|Any CPU
		{CB833BC8-00F9-4A17-B905-7F56B29A8800}.Debug|Any CPU.ActiveCfg = Debug|Any CPU
		{CB833BC8-00F9-4A17-B905-7F56B29A8800}.Debug|Any CPU.Build.0 = Debug|Any CPU
		{CB833BC8-00F9-4A17-B905-7F56B29A8800}.Debug|x64.ActiveCfg = Debug|Any CPU
		{CB833BC8-00F9-4A17-B905-7F56B29A8800}.Debug|x64.Build.0 = Debug|Any CPU
		{CB833BC8-00F9-4A17-B905-7F56B29A8800}.Debug|x86.ActiveCfg = Debug|Any CPU
		{CB833BC8-00F9-4A17-B905-7F56B29A8800}.Debug|x86.Build.0 = Debug|Any CPU
		{CB833BC8-00F9-4A17-B905-7F56B29A8800}.Release|Any CPU.ActiveCfg = Release|Any CPU
		{CB833BC8-00F9-4A17-B905-7F56B29A8800}.Release|Any CPU.Build.0 = Release|Any CPU
		{CB833BC8-00F9-4A17-B905-7F56B29A8800}.Release|x64.ActiveCfg = Release|Any CPU
		{CB833BC8-00F9-4A17-B905-7F56B29A8800}.Release|x64.Build.0 = Release|Any CPU
		{CB833BC8-00F9-4A17-B905-7F56B29A8800}.Release|x86.ActiveCfg = Release|Any CPU
		{CB833BC8-00F9-4A17-B905-7F56B29A8800}.Release|x86.Build.0 = Release|Any CPU
		{C30E2BB1-098F-4F4A-BDD4-B83145D2443F}.Debug|Any CPU.ActiveCfg = Debug|Any CPU
		{C30E2BB1-098F-4F4A-BDD4-B83145D2443F}.Debug|Any CPU.Build.0 = Debug|Any CPU
		{C30E2BB1-098F-4F4A-BDD4-B83145D2443F}.Debug|x64.ActiveCfg = Debug|Any CPU
		{C30E2BB1-098F-4F4A-BDD4-B83145D2443F}.Debug|x64.Build.0 = Debug|Any CPU
		{C30E2BB1-098F-4F4A-BDD4-B83145D2443F}.Debug|x86.ActiveCfg = Debug|Any CPU
		{C30E2BB1-098F-4F4A-BDD4-B83145D2443F}.Debug|x86.Build.0 = Debug|Any CPU
		{C30E2BB1-098F-4F4A-BDD4-B83145D2443F}.Release|Any CPU.ActiveCfg = Release|Any CPU
		{C30E2BB1-098F-4F4A-BDD4-B83145D2443F}.Release|Any CPU.Build.0 = Release|Any CPU
		{C30E2BB1-098F-4F4A-BDD4-B83145D2443F}.Release|x64.ActiveCfg = Release|Any CPU
		{C30E2BB1-098F-4F4A-BDD4-B83145D2443F}.Release|x64.Build.0 = Release|Any CPU
		{C30E2BB1-098F-4F4A-BDD4-B83145D2443F}.Release|x86.ActiveCfg = Release|Any CPU
		{C30E2BB1-098F-4F4A-BDD4-B83145D2443F}.Release|x86.Build.0 = Release|Any CPU
		{37B6F475-78CD-4AC2-8A8B-FAC1124701E6}.Debug|Any CPU.ActiveCfg = Debug|Any CPU
		{37B6F475-78CD-4AC2-8A8B-FAC1124701E6}.Debug|Any CPU.Build.0 = Debug|Any CPU
		{37B6F475-78CD-4AC2-8A8B-FAC1124701E6}.Debug|x64.ActiveCfg = Debug|Any CPU
		{37B6F475-78CD-4AC2-8A8B-FAC1124701E6}.Debug|x64.Build.0 = Debug|Any CPU
		{37B6F475-78CD-4AC2-8A8B-FAC1124701E6}.Debug|x86.ActiveCfg = Debug|Any CPU
		{37B6F475-78CD-4AC2-8A8B-FAC1124701E6}.Debug|x86.Build.0 = Debug|Any CPU
		{37B6F475-78CD-4AC2-8A8B-FAC1124701E6}.Release|Any CPU.ActiveCfg = Release|Any CPU
		{37B6F475-78CD-4AC2-8A8B-FAC1124701E6}.Release|Any CPU.Build.0 = Release|Any CPU
		{37B6F475-78CD-4AC2-8A8B-FAC1124701E6}.Release|x64.ActiveCfg = Release|Any CPU
		{37B6F475-78CD-4AC2-8A8B-FAC1124701E6}.Release|x64.Build.0 = Release|Any CPU
		{37B6F475-78CD-4AC2-8A8B-FAC1124701E6}.Release|x86.ActiveCfg = Release|Any CPU
		{37B6F475-78CD-4AC2-8A8B-FAC1124701E6}.Release|x86.Build.0 = Release|Any CPU
		{7ACA554A-9A33-47C2-9A52-578F5952A8BD}.Debug|Any CPU.ActiveCfg = Debug|Any CPU
		{7ACA554A-9A33-47C2-9A52-578F5952A8BD}.Debug|Any CPU.Build.0 = Debug|Any CPU
		{7ACA554A-9A33-47C2-9A52-578F5952A8BD}.Debug|x64.ActiveCfg = Debug|Any CPU
		{7ACA554A-9A33-47C2-9A52-578F5952A8BD}.Debug|x64.Build.0 = Debug|Any CPU
		{7ACA554A-9A33-47C2-9A52-578F5952A8BD}.Debug|x86.ActiveCfg = Debug|Any CPU
		{7ACA554A-9A33-47C2-9A52-578F5952A8BD}.Debug|x86.Build.0 = Debug|Any CPU
		{7ACA554A-9A33-47C2-9A52-578F5952A8BD}.Release|Any CPU.ActiveCfg = Release|Any CPU
		{7ACA554A-9A33-47C2-9A52-578F5952A8BD}.Release|Any CPU.Build.0 = Release|Any CPU
		{7ACA554A-9A33-47C2-9A52-578F5952A8BD}.Release|x64.ActiveCfg = Release|Any CPU
		{7ACA554A-9A33-47C2-9A52-578F5952A8BD}.Release|x64.Build.0 = Release|Any CPU
		{7ACA554A-9A33-47C2-9A52-578F5952A8BD}.Release|x86.ActiveCfg = Release|Any CPU
		{7ACA554A-9A33-47C2-9A52-578F5952A8BD}.Release|x86.Build.0 = Release|Any CPU
		{3179FC72-A7C1-4642-B14D-D7A133C6E8AB}.Debug|Any CPU.ActiveCfg = Debug|Any CPU
		{3179FC72-A7C1-4642-B14D-D7A133C6E8AB}.Debug|Any CPU.Build.0 = Debug|Any CPU
		{3179FC72-A7C1-4642-B14D-D7A133C6E8AB}.Debug|x64.ActiveCfg = Debug|Any CPU
		{3179FC72-A7C1-4642-B14D-D7A133C6E8AB}.Debug|x64.Build.0 = Debug|Any CPU
		{3179FC72-A7C1-4642-B14D-D7A133C6E8AB}.Debug|x86.ActiveCfg = Debug|Any CPU
		{3179FC72-A7C1-4642-B14D-D7A133C6E8AB}.Debug|x86.Build.0 = Debug|Any CPU
		{3179FC72-A7C1-4642-B14D-D7A133C6E8AB}.Release|Any CPU.ActiveCfg = Release|Any CPU
		{3179FC72-A7C1-4642-B14D-D7A133C6E8AB}.Release|Any CPU.Build.0 = Release|Any CPU
		{3179FC72-A7C1-4642-B14D-D7A133C6E8AB}.Release|x64.ActiveCfg = Release|Any CPU
		{3179FC72-A7C1-4642-B14D-D7A133C6E8AB}.Release|x64.Build.0 = Release|Any CPU
		{3179FC72-A7C1-4642-B14D-D7A133C6E8AB}.Release|x86.ActiveCfg = Release|Any CPU
		{3179FC72-A7C1-4642-B14D-D7A133C6E8AB}.Release|x86.Build.0 = Release|Any CPU
		{2C1267AE-B11D-4BAD-9555-CF5E8E59BB7C}.Debug|Any CPU.ActiveCfg = Release|Any CPU
		{2C1267AE-B11D-4BAD-9555-CF5E8E59BB7C}.Debug|Any CPU.Build.0 = Release|Any CPU
		{2C1267AE-B11D-4BAD-9555-CF5E8E59BB7C}.Debug|x64.ActiveCfg = Debug|Any CPU
		{2C1267AE-B11D-4BAD-9555-CF5E8E59BB7C}.Debug|x64.Build.0 = Debug|Any CPU
		{2C1267AE-B11D-4BAD-9555-CF5E8E59BB7C}.Debug|x86.ActiveCfg = Debug|Any CPU
		{2C1267AE-B11D-4BAD-9555-CF5E8E59BB7C}.Debug|x86.Build.0 = Debug|Any CPU
		{2C1267AE-B11D-4BAD-9555-CF5E8E59BB7C}.Release|Any CPU.ActiveCfg = Release|Any CPU
		{2C1267AE-B11D-4BAD-9555-CF5E8E59BB7C}.Release|Any CPU.Build.0 = Release|Any CPU
		{2C1267AE-B11D-4BAD-9555-CF5E8E59BB7C}.Release|x64.ActiveCfg = Release|Any CPU
		{2C1267AE-B11D-4BAD-9555-CF5E8E59BB7C}.Release|x64.Build.0 = Release|Any CPU
		{2C1267AE-B11D-4BAD-9555-CF5E8E59BB7C}.Release|x86.ActiveCfg = Release|Any CPU
		{2C1267AE-B11D-4BAD-9555-CF5E8E59BB7C}.Release|x86.Build.0 = Release|Any CPU
		{7E55398E-ACB6-4050-BCFD-A1E82CD48F97}.Debug|Any CPU.ActiveCfg = Debug|Any CPU
		{7E55398E-ACB6-4050-BCFD-A1E82CD48F97}.Debug|Any CPU.Build.0 = Debug|Any CPU
		{7E55398E-ACB6-4050-BCFD-A1E82CD48F97}.Debug|x64.ActiveCfg = Debug|Any CPU
		{7E55398E-ACB6-4050-BCFD-A1E82CD48F97}.Debug|x64.Build.0 = Debug|Any CPU
		{7E55398E-ACB6-4050-BCFD-A1E82CD48F97}.Debug|x86.ActiveCfg = Debug|Any CPU
		{7E55398E-ACB6-4050-BCFD-A1E82CD48F97}.Debug|x86.Build.0 = Debug|Any CPU
		{7E55398E-ACB6-4050-BCFD-A1E82CD48F97}.Release|Any CPU.ActiveCfg = Release|Any CPU
		{7E55398E-ACB6-4050-BCFD-A1E82CD48F97}.Release|Any CPU.Build.0 = Release|Any CPU
		{7E55398E-ACB6-4050-BCFD-A1E82CD48F97}.Release|x64.ActiveCfg = Release|Any CPU
		{7E55398E-ACB6-4050-BCFD-A1E82CD48F97}.Release|x64.Build.0 = Release|Any CPU
		{7E55398E-ACB6-4050-BCFD-A1E82CD48F97}.Release|x86.ActiveCfg = Release|Any CPU
		{7E55398E-ACB6-4050-BCFD-A1E82CD48F97}.Release|x86.Build.0 = Release|Any CPU
		{13713E55-897F-4F52-B017-6AC9D898F125}.Debug|Any CPU.ActiveCfg = Debug|Any CPU
		{13713E55-897F-4F52-B017-6AC9D898F125}.Debug|Any CPU.Build.0 = Debug|Any CPU
		{13713E55-897F-4F52-B017-6AC9D898F125}.Debug|x64.ActiveCfg = Debug|Any CPU
		{13713E55-897F-4F52-B017-6AC9D898F125}.Debug|x64.Build.0 = Debug|Any CPU
		{13713E55-897F-4F52-B017-6AC9D898F125}.Debug|x86.ActiveCfg = Debug|Any CPU
		{13713E55-897F-4F52-B017-6AC9D898F125}.Debug|x86.Build.0 = Debug|Any CPU
		{13713E55-897F-4F52-B017-6AC9D898F125}.Release|Any CPU.ActiveCfg = Release|Any CPU
		{13713E55-897F-4F52-B017-6AC9D898F125}.Release|Any CPU.Build.0 = Release|Any CPU
		{13713E55-897F-4F52-B017-6AC9D898F125}.Release|x64.ActiveCfg = Release|Any CPU
		{13713E55-897F-4F52-B017-6AC9D898F125}.Release|x64.Build.0 = Release|Any CPU
		{13713E55-897F-4F52-B017-6AC9D898F125}.Release|x86.ActiveCfg = Release|Any CPU
		{13713E55-897F-4F52-B017-6AC9D898F125}.Release|x86.Build.0 = Release|Any CPU
		{9A40DEE0-6A05-45E3-87CF-BD38F63DC09E}.Debug|Any CPU.ActiveCfg = Debug|Any CPU
		{9A40DEE0-6A05-45E3-87CF-BD38F63DC09E}.Debug|Any CPU.Build.0 = Debug|Any CPU
		{9A40DEE0-6A05-45E3-87CF-BD38F63DC09E}.Debug|x64.ActiveCfg = Debug|Any CPU
		{9A40DEE0-6A05-45E3-87CF-BD38F63DC09E}.Debug|x64.Build.0 = Debug|Any CPU
		{9A40DEE0-6A05-45E3-87CF-BD38F63DC09E}.Debug|x86.ActiveCfg = Debug|Any CPU
		{9A40DEE0-6A05-45E3-87CF-BD38F63DC09E}.Debug|x86.Build.0 = Debug|Any CPU
		{9A40DEE0-6A05-45E3-87CF-BD38F63DC09E}.Release|Any CPU.ActiveCfg = Release|Any CPU
		{9A40DEE0-6A05-45E3-87CF-BD38F63DC09E}.Release|Any CPU.Build.0 = Release|Any CPU
		{9A40DEE0-6A05-45E3-87CF-BD38F63DC09E}.Release|x64.ActiveCfg = Release|Any CPU
		{9A40DEE0-6A05-45E3-87CF-BD38F63DC09E}.Release|x64.Build.0 = Release|Any CPU
		{9A40DEE0-6A05-45E3-87CF-BD38F63DC09E}.Release|x86.ActiveCfg = Release|Any CPU
		{9A40DEE0-6A05-45E3-87CF-BD38F63DC09E}.Release|x86.Build.0 = Release|Any CPU
		{1BB98ED3-90B0-4204-8CE7-B3EA9EB3323C}.Debug|Any CPU.ActiveCfg = Debug|Any CPU
		{1BB98ED3-90B0-4204-8CE7-B3EA9EB3323C}.Debug|Any CPU.Build.0 = Debug|Any CPU
		{1BB98ED3-90B0-4204-8CE7-B3EA9EB3323C}.Debug|x64.ActiveCfg = Debug|Any CPU
		{1BB98ED3-90B0-4204-8CE7-B3EA9EB3323C}.Debug|x64.Build.0 = Debug|Any CPU
		{1BB98ED3-90B0-4204-8CE7-B3EA9EB3323C}.Debug|x86.ActiveCfg = Debug|Any CPU
		{1BB98ED3-90B0-4204-8CE7-B3EA9EB3323C}.Debug|x86.Build.0 = Debug|Any CPU
		{1BB98ED3-90B0-4204-8CE7-B3EA9EB3323C}.Release|Any CPU.ActiveCfg = Release|Any CPU
		{1BB98ED3-90B0-4204-8CE7-B3EA9EB3323C}.Release|Any CPU.Build.0 = Release|Any CPU
		{1BB98ED3-90B0-4204-8CE7-B3EA9EB3323C}.Release|x64.ActiveCfg = Release|Any CPU
		{1BB98ED3-90B0-4204-8CE7-B3EA9EB3323C}.Release|x64.Build.0 = Release|Any CPU
		{1BB98ED3-90B0-4204-8CE7-B3EA9EB3323C}.Release|x86.ActiveCfg = Release|Any CPU
		{1BB98ED3-90B0-4204-8CE7-B3EA9EB3323C}.Release|x86.Build.0 = Release|Any CPU
		{53C7AC26-9365-4735-9A12-43168B1CEF8F}.Debug|Any CPU.ActiveCfg = Debug|Any CPU
		{53C7AC26-9365-4735-9A12-43168B1CEF8F}.Debug|Any CPU.Build.0 = Debug|Any CPU
		{53C7AC26-9365-4735-9A12-43168B1CEF8F}.Debug|x64.ActiveCfg = Debug|Any CPU
		{53C7AC26-9365-4735-9A12-43168B1CEF8F}.Debug|x64.Build.0 = Debug|Any CPU
		{53C7AC26-9365-4735-9A12-43168B1CEF8F}.Debug|x86.ActiveCfg = Debug|Any CPU
		{53C7AC26-9365-4735-9A12-43168B1CEF8F}.Debug|x86.Build.0 = Debug|Any CPU
		{53C7AC26-9365-4735-9A12-43168B1CEF8F}.Release|Any CPU.ActiveCfg = Release|Any CPU
		{53C7AC26-9365-4735-9A12-43168B1CEF8F}.Release|Any CPU.Build.0 = Release|Any CPU
		{53C7AC26-9365-4735-9A12-43168B1CEF8F}.Release|x64.ActiveCfg = Release|Any CPU
		{53C7AC26-9365-4735-9A12-43168B1CEF8F}.Release|x64.Build.0 = Release|Any CPU
		{53C7AC26-9365-4735-9A12-43168B1CEF8F}.Release|x86.ActiveCfg = Release|Any CPU
		{53C7AC26-9365-4735-9A12-43168B1CEF8F}.Release|x86.Build.0 = Release|Any CPU
		{5E815109-68C8-454E-A91D-0AD7E5461DCB}.Debug|Any CPU.ActiveCfg = Debug|Any CPU
		{5E815109-68C8-454E-A91D-0AD7E5461DCB}.Debug|Any CPU.Build.0 = Debug|Any CPU
		{5E815109-68C8-454E-A91D-0AD7E5461DCB}.Debug|x64.ActiveCfg = Debug|Any CPU
		{5E815109-68C8-454E-A91D-0AD7E5461DCB}.Debug|x64.Build.0 = Debug|Any CPU
		{5E815109-68C8-454E-A91D-0AD7E5461DCB}.Debug|x86.ActiveCfg = Debug|Any CPU
		{5E815109-68C8-454E-A91D-0AD7E5461DCB}.Debug|x86.Build.0 = Debug|Any CPU
		{5E815109-68C8-454E-A91D-0AD7E5461DCB}.Release|Any CPU.ActiveCfg = Release|Any CPU
		{5E815109-68C8-454E-A91D-0AD7E5461DCB}.Release|Any CPU.Build.0 = Release|Any CPU
		{5E815109-68C8-454E-A91D-0AD7E5461DCB}.Release|x64.ActiveCfg = Release|Any CPU
		{5E815109-68C8-454E-A91D-0AD7E5461DCB}.Release|x64.Build.0 = Release|Any CPU
		{5E815109-68C8-454E-A91D-0AD7E5461DCB}.Release|x86.ActiveCfg = Release|Any CPU
		{5E815109-68C8-454E-A91D-0AD7E5461DCB}.Release|x86.Build.0 = Release|Any CPU
		{B5984F30-1BCB-4E3A-A66D-372DEC1FA9B5}.Debug|Any CPU.ActiveCfg = Debug|Any CPU
		{B5984F30-1BCB-4E3A-A66D-372DEC1FA9B5}.Debug|Any CPU.Build.0 = Debug|Any CPU
		{B5984F30-1BCB-4E3A-A66D-372DEC1FA9B5}.Debug|x64.ActiveCfg = Debug|Any CPU
		{B5984F30-1BCB-4E3A-A66D-372DEC1FA9B5}.Debug|x64.Build.0 = Debug|Any CPU
		{B5984F30-1BCB-4E3A-A66D-372DEC1FA9B5}.Debug|x86.ActiveCfg = Debug|Any CPU
		{B5984F30-1BCB-4E3A-A66D-372DEC1FA9B5}.Debug|x86.Build.0 = Debug|Any CPU
		{B5984F30-1BCB-4E3A-A66D-372DEC1FA9B5}.Release|Any CPU.ActiveCfg = Release|Any CPU
		{B5984F30-1BCB-4E3A-A66D-372DEC1FA9B5}.Release|Any CPU.Build.0 = Release|Any CPU
		{B5984F30-1BCB-4E3A-A66D-372DEC1FA9B5}.Release|x64.ActiveCfg = Release|Any CPU
		{B5984F30-1BCB-4E3A-A66D-372DEC1FA9B5}.Release|x64.Build.0 = Release|Any CPU
		{B5984F30-1BCB-4E3A-A66D-372DEC1FA9B5}.Release|x86.ActiveCfg = Release|Any CPU
		{B5984F30-1BCB-4E3A-A66D-372DEC1FA9B5}.Release|x86.Build.0 = Release|Any CPU
		{2C8B6325-999B-4D4D-8013-C6D5C0F7CA7B}.Debug|Any CPU.ActiveCfg = Debug|Any CPU
		{2C8B6325-999B-4D4D-8013-C6D5C0F7CA7B}.Debug|Any CPU.Build.0 = Debug|Any CPU
		{2C8B6325-999B-4D4D-8013-C6D5C0F7CA7B}.Debug|x64.ActiveCfg = Debug|Any CPU
		{2C8B6325-999B-4D4D-8013-C6D5C0F7CA7B}.Debug|x64.Build.0 = Debug|Any CPU
		{2C8B6325-999B-4D4D-8013-C6D5C0F7CA7B}.Debug|x86.ActiveCfg = Debug|Any CPU
		{2C8B6325-999B-4D4D-8013-C6D5C0F7CA7B}.Debug|x86.Build.0 = Debug|Any CPU
		{2C8B6325-999B-4D4D-8013-C6D5C0F7CA7B}.Release|Any CPU.ActiveCfg = Release|Any CPU
		{2C8B6325-999B-4D4D-8013-C6D5C0F7CA7B}.Release|Any CPU.Build.0 = Release|Any CPU
		{2C8B6325-999B-4D4D-8013-C6D5C0F7CA7B}.Release|x64.ActiveCfg = Release|Any CPU
		{2C8B6325-999B-4D4D-8013-C6D5C0F7CA7B}.Release|x64.Build.0 = Release|Any CPU
		{2C8B6325-999B-4D4D-8013-C6D5C0F7CA7B}.Release|x86.ActiveCfg = Release|Any CPU
		{2C8B6325-999B-4D4D-8013-C6D5C0F7CA7B}.Release|x86.Build.0 = Release|Any CPU
		{205F2460-BD19-4FF6-9D0A-CD215AA09800}.Debug|Any CPU.ActiveCfg = Debug|Any CPU
		{205F2460-BD19-4FF6-9D0A-CD215AA09800}.Debug|Any CPU.Build.0 = Debug|Any CPU
		{205F2460-BD19-4FF6-9D0A-CD215AA09800}.Debug|x64.ActiveCfg = Debug|Any CPU
		{205F2460-BD19-4FF6-9D0A-CD215AA09800}.Debug|x64.Build.0 = Debug|Any CPU
		{205F2460-BD19-4FF6-9D0A-CD215AA09800}.Debug|x86.ActiveCfg = Debug|Any CPU
		{205F2460-BD19-4FF6-9D0A-CD215AA09800}.Debug|x86.Build.0 = Debug|Any CPU
		{205F2460-BD19-4FF6-9D0A-CD215AA09800}.Release|Any CPU.ActiveCfg = Release|Any CPU
		{205F2460-BD19-4FF6-9D0A-CD215AA09800}.Release|Any CPU.Build.0 = Release|Any CPU
		{205F2460-BD19-4FF6-9D0A-CD215AA09800}.Release|x64.ActiveCfg = Release|Any CPU
		{205F2460-BD19-4FF6-9D0A-CD215AA09800}.Release|x64.Build.0 = Release|Any CPU
		{205F2460-BD19-4FF6-9D0A-CD215AA09800}.Release|x86.ActiveCfg = Release|Any CPU
		{205F2460-BD19-4FF6-9D0A-CD215AA09800}.Release|x86.Build.0 = Release|Any CPU
	EndGlobalSection
	GlobalSection(SolutionProperties) = preSolution
		HideSolutionNode = FALSE
	EndGlobalSection
	GlobalSection(NestedProjects) = preSolution
		{CB833BC8-00F9-4A17-B905-7F56B29A8800} = {8D7BEBDC-917D-45F9-95AE-6763EF63B3C3}
		{C30E2BB1-098F-4F4A-BDD4-B83145D2443F} = {8D7BEBDC-917D-45F9-95AE-6763EF63B3C3}
		{8D7BEBDC-917D-45F9-95AE-6763EF63B3C3} = {0785E614-5D3E-4C4E-82F7-9112B0BC662F}
		{37B6F475-78CD-4AC2-8A8B-FAC1124701E6} = {8D7BEBDC-917D-45F9-95AE-6763EF63B3C3}
		{0DB17544-11E7-4E91-B950-CEC96012DB70} = {0785E614-5D3E-4C4E-82F7-9112B0BC662F}
		{3179FC72-A7C1-4642-B14D-D7A133C6E8AB} = {0DB17544-11E7-4E91-B950-CEC96012DB70}
		{8851DE31-86D2-4B8F-912A-E1869BA7ACFA} = {0DB17544-11E7-4E91-B950-CEC96012DB70}
		{7E55398E-ACB6-4050-BCFD-A1E82CD48F97} = {8851DE31-86D2-4B8F-912A-E1869BA7ACFA}
		{13713E55-897F-4F52-B017-6AC9D898F125} = {8851DE31-86D2-4B8F-912A-E1869BA7ACFA}
		{9A40DEE0-6A05-45E3-87CF-BD38F63DC09E} = {8851DE31-86D2-4B8F-912A-E1869BA7ACFA}
		{1BB98ED3-90B0-4204-8CE7-B3EA9EB3323C} = {8851DE31-86D2-4B8F-912A-E1869BA7ACFA}
		{334FA62A-2D27-4783-A4F0-8D25309D4C65} = {8851DE31-86D2-4B8F-912A-E1869BA7ACFA}
		{53C7AC26-9365-4735-9A12-43168B1CEF8F} = {8851DE31-86D2-4B8F-912A-E1869BA7ACFA}
		{B5984F30-1BCB-4E3A-A66D-372DEC1FA9B5} = {0DB17544-11E7-4E91-B950-CEC96012DB70}
	EndGlobalSection
	GlobalSection(ExtensibilityGlobals) = postSolution
		SolutionGuid = {6065D135-A7A4-4DCA-B7F1-3AA667613474}
	EndGlobalSection
EndGlobal
