
Microsoft Visual Studio Solution File, Format Version 12.00
# Visual Studio 15
VisualStudioVersion = 15.0.26124.0
MinimumVisualStudioVersion = 15.0.26124.0
Project("{2150E333-8FDC-42A3-9474-1A3956D46DE8}") = "src", "src", "{301CE786-C237-4A5D-B312-8097F400FFDA}"
EndProject
Project("{2150E333-8FDC-42A3-9474-1A3956D46DE8}") = "tests", "tests", "{2B7880D6-BB0C-4CB0-9437-DE74A9CCBC49}"
EndProject
Project("{6EC3EE1D-3C4E-46DD-8F32-0CC8E7565705}") = "Radix.Tests", "tests\Radix.Tests\Radix.Tests.fsproj", "{570F082C-3CA2-43FD-A2E5-CDE57AB91B43}"
EndProject
Project("{6EC3EE1D-3C4E-46DD-8F32-0CC8E7565705}") = "Radix", "src\Radix\Radix.fsproj", "{C4D1169A-545C-4811-B2CF-56D89E900168}"
EndProject
Global
	GlobalSection(SolutionConfigurationPlatforms) = preSolution
		Debug|Any CPU = Debug|Any CPU
		Debug|x64 = Debug|x64
		Debug|x86 = Debug|x86
		Release|Any CPU = Release|Any CPU
		Release|x64 = Release|x64
		Release|x86 = Release|x86
	EndGlobalSection
	GlobalSection(ProjectConfigurationPlatforms) = postSolution
		{570F082C-3CA2-43FD-A2E5-CDE57AB91B43}.Debug|Any CPU.ActiveCfg = Debug|Any CPU
		{570F082C-3CA2-43FD-A2E5-CDE57AB91B43}.Debug|Any CPU.Build.0 = Debug|Any CPU
		{570F082C-3CA2-43FD-A2E5-CDE57AB91B43}.Debug|x64.ActiveCfg = Debug|Any CPU
		{570F082C-3CA2-43FD-A2E5-CDE57AB91B43}.Debug|x64.Build.0 = Debug|Any CPU
		{570F082C-3CA2-43FD-A2E5-CDE57AB91B43}.Debug|x86.ActiveCfg = Debug|Any CPU
		{570F082C-3CA2-43FD-A2E5-CDE57AB91B43}.Debug|x86.Build.0 = Debug|Any CPU
		{570F082C-3CA2-43FD-A2E5-CDE57AB91B43}.Release|Any CPU.ActiveCfg = Release|Any CPU
		{570F082C-3CA2-43FD-A2E5-CDE57AB91B43}.Release|Any CPU.Build.0 = Release|Any CPU
		{570F082C-3CA2-43FD-A2E5-CDE57AB91B43}.Release|x64.ActiveCfg = Release|Any CPU
		{570F082C-3CA2-43FD-A2E5-CDE57AB91B43}.Release|x64.Build.0 = Release|Any CPU
		{570F082C-3CA2-43FD-A2E5-CDE57AB91B43}.Release|x86.ActiveCfg = Release|Any CPU
		{570F082C-3CA2-43FD-A2E5-CDE57AB91B43}.Release|x86.Build.0 = Release|Any CPU
		{C4D1169A-545C-4811-B2CF-56D89E900168}.Debug|Any CPU.ActiveCfg = Debug|Any CPU
		{C4D1169A-545C-4811-B2CF-56D89E900168}.Debug|Any CPU.Build.0 = Debug|Any CPU
		{C4D1169A-545C-4811-B2CF-56D89E900168}.Debug|x64.ActiveCfg = Debug|Any CPU
		{C4D1169A-545C-4811-B2CF-56D89E900168}.Debug|x64.Build.0 = Debug|Any CPU
		{C4D1169A-545C-4811-B2CF-56D89E900168}.Debug|x86.ActiveCfg = Debug|Any CPU
		{C4D1169A-545C-4811-B2CF-56D89E900168}.Debug|x86.Build.0 = Debug|Any CPU
		{C4D1169A-545C-4811-B2CF-56D89E900168}.Release|Any CPU.ActiveCfg = Release|Any CPU
		{C4D1169A-545C-4811-B2CF-56D89E900168}.Release|Any CPU.Build.0 = Release|Any CPU
		{C4D1169A-545C-4811-B2CF-56D89E900168}.Release|x64.ActiveCfg = Release|Any CPU
		{C4D1169A-545C-4811-B2CF-56D89E900168}.Release|x64.Build.0 = Release|Any CPU
		{C4D1169A-545C-4811-B2CF-56D89E900168}.Release|x86.ActiveCfg = Release|Any CPU
		{C4D1169A-545C-4811-B2CF-56D89E900168}.Release|x86.Build.0 = Release|Any CPU
	EndGlobalSection
	GlobalSection(SolutionProperties) = preSolution
		HideSolutionNode = FALSE
	EndGlobalSection
	GlobalSection(NestedProjects) = preSolution
		{570F082C-3CA2-43FD-A2E5-CDE57AB91B43} = {2B7880D6-BB0C-4CB0-9437-DE74A9CCBC49}
		{C4D1169A-545C-4811-B2CF-56D89E900168} = {301CE786-C237-4A5D-B312-8097F400FFDA}
	EndGlobalSection
	GlobalSection(ExtensibilityGlobals) = postSolution
		SolutionGuid = {99966B36-20B7-4066-87E0-3D00870157C8}
	EndGlobalSection
EndGlobal
